
Microsoft Visual Studio Solution File, Format Version 12.00
# Visual Studio Version 16
VisualStudioVersion = 16.0.30523.141
MinimumVisualStudioVersion = 10.0.40219.1
Project("{2150E333-8FDC-42A3-9474-1A3956D46DE8}") = "src", "src", "{B3359C9B-CEC7-40C2-A2C4-BE4CEA33AB85}"
EndProject
Project("{2150E333-8FDC-42A3-9474-1A3956D46DE8}") = "ApiGateways", "ApiGateways", "{1E948EAC-A082-4FAF-8C3A-C2CF1AF493AF}"
EndProject
Project("{2150E333-8FDC-42A3-9474-1A3956D46DE8}") = "BuildingBlocks", "BuildingBlocks", "{1166FD70-CEC3-453B-885C-1F8C09FD1DE5}"
EndProject
Project("{2150E333-8FDC-42A3-9474-1A3956D46DE8}") = "Services", "Services", "{6FA7D0B8-0D55-4BA3-8811-ACB1AF119972}"
EndProject
Project("{2150E333-8FDC-42A3-9474-1A3956D46DE8}") = "Web", "Web", "{52DDA5D0-5C4F-48AE-BD55-96371940A510}"
EndProject
Project("{2150E333-8FDC-42A3-9474-1A3956D46DE8}") = "Identidade", "Identidade", "{641CC650-E0F6-4ABA-AA29-8A6FF07B75E6}"
EndProject
Project("{9A19103F-16F7-4668-BE54-9A1E7A4F7556}") = "WSC.Identidade.API", "src\services\WSC.Identidade.API\WSC.Identidade.API.csproj", "{73054E7B-12D9-4229-A15D-84DF2E156370}"
EndProject
Project("{2150E333-8FDC-42A3-9474-1A3956D46DE8}") = "Core", "Core", "{9CA24523-2D8F-4317-9CB2-6D7E0AFD36E8}"
EndProject
Project("{FAE04EC0-301F-11D3-BF4B-00C04F79EFBC}") = "WSC.Core", "src\building blocks\WSC.Core\WSC.Core.csproj", "{9A380A21-05B0-42C1-A44B-696DA8B9EB3D}"
EndProject
Project("{2150E333-8FDC-42A3-9474-1A3956D46DE8}") = "Carrinho", "Carrinho", "{52D948EE-9A74-4C81-BF30-8B7259E27A97}"
EndProject
Project("{FAE04EC0-301F-11D3-BF4B-00C04F79EFBC}") = "WSC.Carrinho.API", "src\services\WSC.Carrinho.API\WSC.Carrinho.API.csproj", "{F94FA665-0297-4736-8E74-A57A3ECA44D7}"
EndProject
Project("{2150E333-8FDC-42A3-9474-1A3956D46DE8}") = "Produto", "Produto", "{B039D581-034D-45CC-9308-A543D32FCAD4}"
EndProject
Project("{FAE04EC0-301F-11D3-BF4B-00C04F79EFBC}") = "WSC.Produto.API", "src\services\WSC.Produto.API\WSC.Produto.API.csproj", "{15F738A6-8400-4336-BFDF-7183D7A534E8}"
EndProject
Project("{2150E333-8FDC-42A3-9474-1A3956D46DE8}") = "Cliente", "Cliente", "{7DADE641-0D64-44C4-A06D-30AFF59E089B}"
EndProject
Project("{FAE04EC0-301F-11D3-BF4B-00C04F79EFBC}") = "WSC.Cliente.API", "src\services\WSC.Cliente.API\WSC.Cliente.API.csproj", "{06B0B2BB-CBCB-472E-8996-33EF52F06332}"
EndProject
Project("{2150E333-8FDC-42A3-9474-1A3956D46DE8}") = "Pagamento", "Pagamento", "{65B3B53E-11D7-4C35-9600-8D195742560A}"
EndProject
Project("{FAE04EC0-301F-11D3-BF4B-00C04F79EFBC}") = "WSC.Pagamento.API", "src\services\WSC.Pagamento.API\WSC.Pagamento.API.csproj", "{B1B03FED-0684-4B08-9588-94B91EEB6F16}"
EndProject
Project("{2150E333-8FDC-42A3-9474-1A3956D46DE8}") = "Pedido", "Pedido", "{6FB90B24-D8BD-4D46-82A7-D85FF50585FC}"
EndProject
Project("{FAE04EC0-301F-11D3-BF4B-00C04F79EFBC}") = "WSC.Pedido.API", "src\services\WSC.Pedido.API\WSC.Pedido.API.csproj", "{3AECDF42-F292-4124-AB65-9CF46E79DE74}"
EndProject
Global
	GlobalSection(SolutionConfigurationPlatforms) = preSolution
		Debug|Any CPU = Debug|Any CPU
		Release|Any CPU = Release|Any CPU
	EndGlobalSection
	GlobalSection(ProjectConfigurationPlatforms) = postSolution
		{73054E7B-12D9-4229-A15D-84DF2E156370}.Debug|Any CPU.ActiveCfg = Debug|Any CPU
		{73054E7B-12D9-4229-A15D-84DF2E156370}.Debug|Any CPU.Build.0 = Debug|Any CPU
		{73054E7B-12D9-4229-A15D-84DF2E156370}.Release|Any CPU.ActiveCfg = Release|Any CPU
		{73054E7B-12D9-4229-A15D-84DF2E156370}.Release|Any CPU.Build.0 = Release|Any CPU
		{9A380A21-05B0-42C1-A44B-696DA8B9EB3D}.Debug|Any CPU.ActiveCfg = Debug|Any CPU
		{9A380A21-05B0-42C1-A44B-696DA8B9EB3D}.Debug|Any CPU.Build.0 = Debug|Any CPU
		{9A380A21-05B0-42C1-A44B-696DA8B9EB3D}.Release|Any CPU.ActiveCfg = Release|Any CPU
		{9A380A21-05B0-42C1-A44B-696DA8B9EB3D}.Release|Any CPU.Build.0 = Release|Any CPU
		{F94FA665-0297-4736-8E74-A57A3ECA44D7}.Debug|Any CPU.ActiveCfg = Debug|Any CPU
		{F94FA665-0297-4736-8E74-A57A3ECA44D7}.Debug|Any CPU.Build.0 = Debug|Any CPU
		{F94FA665-0297-4736-8E74-A57A3ECA44D7}.Release|Any CPU.ActiveCfg = Release|Any CPU
		{F94FA665-0297-4736-8E74-A57A3ECA44D7}.Release|Any CPU.Build.0 = Release|Any CPU
		{15F738A6-8400-4336-BFDF-7183D7A534E8}.Debug|Any CPU.ActiveCfg = Debug|Any CPU
		{15F738A6-8400-4336-BFDF-7183D7A534E8}.Debug|Any CPU.Build.0 = Debug|Any CPU
		{15F738A6-8400-4336-BFDF-7183D7A534E8}.Release|Any CPU.ActiveCfg = Release|Any CPU
		{15F738A6-8400-4336-BFDF-7183D7A534E8}.Release|Any CPU.Build.0 = Release|Any CPU
		{06B0B2BB-CBCB-472E-8996-33EF52F06332}.Debug|Any CPU.ActiveCfg = Debug|Any CPU
		{06B0B2BB-CBCB-472E-8996-33EF52F06332}.Debug|Any CPU.Build.0 = Debug|Any CPU
		{06B0B2BB-CBCB-472E-8996-33EF52F06332}.Release|Any CPU.ActiveCfg = Release|Any CPU
		{06B0B2BB-CBCB-472E-8996-33EF52F06332}.Release|Any CPU.Build.0 = Release|Any CPU
		{B1B03FED-0684-4B08-9588-94B91EEB6F16}.Debug|Any CPU.ActiveCfg = Debug|Any CPU
		{B1B03FED-0684-4B08-9588-94B91EEB6F16}.Debug|Any CPU.Build.0 = Debug|Any CPU
		{B1B03FED-0684-4B08-9588-94B91EEB6F16}.Release|Any CPU.ActiveCfg = Release|Any CPU
		{B1B03FED-0684-4B08-9588-94B91EEB6F16}.Release|Any CPU.Build.0 = Release|Any CPU
		{3AECDF42-F292-4124-AB65-9CF46E79DE74}.Debug|Any CPU.ActiveCfg = Debug|Any CPU
		{3AECDF42-F292-4124-AB65-9CF46E79DE74}.Debug|Any CPU.Build.0 = Debug|Any CPU
		{3AECDF42-F292-4124-AB65-9CF46E79DE74}.Release|Any CPU.ActiveCfg = Release|Any CPU
		{3AECDF42-F292-4124-AB65-9CF46E79DE74}.Release|Any CPU.Build.0 = Release|Any CPU
	EndGlobalSection
	GlobalSection(SolutionProperties) = preSolution
		HideSolutionNode = FALSE
	EndGlobalSection
	GlobalSection(NestedProjects) = preSolution
		{1E948EAC-A082-4FAF-8C3A-C2CF1AF493AF} = {B3359C9B-CEC7-40C2-A2C4-BE4CEA33AB85}
		{1166FD70-CEC3-453B-885C-1F8C09FD1DE5} = {B3359C9B-CEC7-40C2-A2C4-BE4CEA33AB85}
		{6FA7D0B8-0D55-4BA3-8811-ACB1AF119972} = {B3359C9B-CEC7-40C2-A2C4-BE4CEA33AB85}
		{52DDA5D0-5C4F-48AE-BD55-96371940A510} = {B3359C9B-CEC7-40C2-A2C4-BE4CEA33AB85}
		{641CC650-E0F6-4ABA-AA29-8A6FF07B75E6} = {6FA7D0B8-0D55-4BA3-8811-ACB1AF119972}
		{73054E7B-12D9-4229-A15D-84DF2E156370} = {641CC650-E0F6-4ABA-AA29-8A6FF07B75E6}
		{9CA24523-2D8F-4317-9CB2-6D7E0AFD36E8} = {1166FD70-CEC3-453B-885C-1F8C09FD1DE5}
		{9A380A21-05B0-42C1-A44B-696DA8B9EB3D} = {9CA24523-2D8F-4317-9CB2-6D7E0AFD36E8}
		{52D948EE-9A74-4C81-BF30-8B7259E27A97} = {6FA7D0B8-0D55-4BA3-8811-ACB1AF119972}
		{F94FA665-0297-4736-8E74-A57A3ECA44D7} = {52D948EE-9A74-4C81-BF30-8B7259E27A97}
		{B039D581-034D-45CC-9308-A543D32FCAD4} = {6FA7D0B8-0D55-4BA3-8811-ACB1AF119972}
		{15F738A6-8400-4336-BFDF-7183D7A534E8} = {B039D581-034D-45CC-9308-A543D32FCAD4}
		{7DADE641-0D64-44C4-A06D-30AFF59E089B} = {6FA7D0B8-0D55-4BA3-8811-ACB1AF119972}
		{06B0B2BB-CBCB-472E-8996-33EF52F06332} = {7DADE641-0D64-44C4-A06D-30AFF59E089B}
		{65B3B53E-11D7-4C35-9600-8D195742560A} = {6FA7D0B8-0D55-4BA3-8811-ACB1AF119972}
		{B1B03FED-0684-4B08-9588-94B91EEB6F16} = {65B3B53E-11D7-4C35-9600-8D195742560A}
		{6FB90B24-D8BD-4D46-82A7-D85FF50585FC} = {6FA7D0B8-0D55-4BA3-8811-ACB1AF119972}
		{3AECDF42-F292-4124-AB65-9CF46E79DE74} = {6FB90B24-D8BD-4D46-82A7-D85FF50585FC}
	EndGlobalSection
	GlobalSection(ExtensibilityGlobals) = postSolution
		SolutionGuid = {FF6D43F9-60B9-4FC7-9E4D-6BEC5A3F7BA0}
	EndGlobalSection
EndGlobal
